
Microsoft Visual Studio Solution File, Format Version 12.00
# Visual Studio Version 17
VisualStudioVersion = 17.14.36511.14 d17.14
MinimumVisualStudioVersion = 10.0.40219.1
Project("{FAE04EC0-301F-11D3-BF4B-00C04F79EFBC}") = "oop-s2-2-mvc-77262", "oop-s2-2-mvc-77262\oop-s2-2-mvc-77262.csproj", "{AFD91D7B-A9F0-4983-A9DE-EBB692836FA1}"
EndProject
Global
	GlobalSection(SolutionConfigurationPlatforms) = preSolution
		Debug|Any CPU = Debug|Any CPU
		Release|Any CPU = Release|Any CPU
	EndGlobalSection
	GlobalSection(ProjectConfigurationPlatforms) = postSolution
		{AFD91D7B-A9F0-4983-A9DE-EBB692836FA1}.Debug|Any CPU.ActiveCfg = Debug|Any CPU
		{AFD91D7B-A9F0-4983-A9DE-EBB692836FA1}.Debug|Any CPU.Build.0 = Debug|Any CPU
		{AFD91D7B-A9F0-4983-A9DE-EBB692836FA1}.Release|Any CPU.ActiveCfg = Release|Any CPU
		{AFD91D7B-A9F0-4983-A9DE-EBB692836FA1}.Release|Any CPU.Build.0 = Release|Any CPU
	EndGlobalSection
	GlobalSection(SolutionProperties) = preSolution
		HideSolutionNode = FALSE
	EndGlobalSection
	GlobalSection(ExtensibilityGlobals) = postSolution
		SolutionGuid = {B66CEC36-49C1-412E-903D-1A689FCC388A}
	EndGlobalSection
EndGlobal
